// !$*UTF8*$!
{
	archiveVersion = 1;
	classes = {
	};
	objectVersion = 56;
	objects = {

/* Begin PBXBuildFile section */
		B80064A229426253002AAD55 /* AnimalGridItemView.swift in Sources */ = {isa = PBXBuildFile; fileRef = B80064A129426253002AAD55 /* AnimalGridItemView.swift */; };
		B8167EC829200D5700484218 /* AnimalDetailView.swift in Sources */ = {isa = PBXBuildFile; fileRef = B8167EC729200D5700484218 /* AnimalDetailView.swift */; };
		B8167ECA29200F0200484218 /* HeadingView.swift in Sources */ = {isa = PBXBuildFile; fileRef = B8167EC929200F0200484218 /* HeadingView.swift */; };
		B8167ECC29200FDC00484218 /* InsetGalleryView.swift in Sources */ = {isa = PBXBuildFile; fileRef = B8167ECB29200FDC00484218 /* InsetGalleryView.swift */; };
		B81C937A291CB6810042D61E /* AfricaApp.swift in Sources */ = {isa = PBXBuildFile; fileRef = B81C9379291CB6810042D61E /* AfricaApp.swift */; };
		B81C937C291CB6810042D61E /* ContentView.swift in Sources */ = {isa = PBXBuildFile; fileRef = B81C937B291CB6810042D61E /* ContentView.swift */; };
		B81C937E291CB6820042D61E /* Assets.xcassets in Resources */ = {isa = PBXBuildFile; fileRef = B81C937D291CB6820042D61E /* Assets.xcassets */; };
		B81C9381291CB6820042D61E /* Preview Assets.xcassets in Resources */ = {isa = PBXBuildFile; fileRef = B81C9380291CB6820042D61E /* Preview Assets.xcassets */; };
		B81C9392291CB83A0042D61E /* gorilla.mp4 in Resources */ = {isa = PBXBuildFile; fileRef = B81C9388291CB8380042D61E /* gorilla.mp4 */; };
		B81C9393291CB83A0042D61E /* cheetah.mp4 in Resources */ = {isa = PBXBuildFile; fileRef = B81C9389291CB8390042D61E /* cheetah.mp4 */; };
		B81C9394291CB83A0042D61E /* lion.mp4 in Resources */ = {isa = PBXBuildFile; fileRef = B81C938A291CB8390042D61E /* lion.mp4 */; };
		B81C9395291CB83A0042D61E /* rhino.mp4 in Resources */ = {isa = PBXBuildFile; fileRef = B81C938B291CB8390042D61E /* rhino.mp4 */; };
		B81C9396291CB83A0042D61E /* hippo.mp4 in Resources */ = {isa = PBXBuildFile; fileRef = B81C938C291CB8390042D61E /* hippo.mp4 */; };
		B81C9397291CB83A0042D61E /* elephant.mp4 in Resources */ = {isa = PBXBuildFile; fileRef = B81C938D291CB8390042D61E /* elephant.mp4 */; };
		B81C9398291CB83A0042D61E /* giraffe.mp4 in Resources */ = {isa = PBXBuildFile; fileRef = B81C938E291CB83A0042D61E /* giraffe.mp4 */; };
		B81C9399291CB83A0042D61E /* lioness.mp4 in Resources */ = {isa = PBXBuildFile; fileRef = B81C938F291CB83A0042D61E /* lioness.mp4 */; };
		B81C939A291CB83A0042D61E /* zebra.mp4 in Resources */ = {isa = PBXBuildFile; fileRef = B81C9390291CB83A0042D61E /* zebra.mp4 */; };
		B81C939B291CB83A0042D61E /* ostrich.mp4 in Resources */ = {isa = PBXBuildFile; fileRef = B81C9391291CB83A0042D61E /* ostrich.mp4 */; };
		B81C93A1291CB8700042D61E /* videos.json in Resources */ = {isa = PBXBuildFile; fileRef = B81C939D291CB8700042D61E /* videos.json */; };
		B81C93A2291CB8700042D61E /* covers.json in Resources */ = {isa = PBXBuildFile; fileRef = B81C939E291CB8700042D61E /* covers.json */; };
		B81C93A3291CB8700042D61E /* animals.json in Resources */ = {isa = PBXBuildFile; fileRef = B81C939F291CB8700042D61E /* animals.json */; };
		B81C93A4291CB8700042D61E /* locations.json in Resources */ = {isa = PBXBuildFile; fileRef = B81C93A0291CB8700042D61E /* locations.json */; };
		B81C93A8291CBA760042D61E /* VideoListView.swift in Sources */ = {isa = PBXBuildFile; fileRef = B81C93A7291CBA760042D61E /* VideoListView.swift */; };
		B81C93AA291CBA890042D61E /* MapView.swift in Sources */ = {isa = PBXBuildFile; fileRef = B81C93A9291CBA890042D61E /* MapView.swift */; };
		B81C93AC291CBA970042D61E /* GalleryView.swift in Sources */ = {isa = PBXBuildFile; fileRef = B81C93AB291CBA970042D61E /* GalleryView.swift */; };
		B81C93AE291CBAA60042D61E /* MainView.swift in Sources */ = {isa = PBXBuildFile; fileRef = B81C93AD291CBAA60042D61E /* MainView.swift */; };
		B81C93B1291CBCEE0042D61E /* CoverImageView.swift in Sources */ = {isa = PBXBuildFile; fileRef = B81C93B0291CBCEE0042D61E /* CoverImageView.swift */; };
		B81C93B4291CBF440042D61E /* CoverImageModel.swift in Sources */ = {isa = PBXBuildFile; fileRef = B81C93B3291CBF440042D61E /* CoverImageModel.swift */; };
		B81C93B7291CC5B20042D61E /* CodableBundleExtension.swift in Sources */ = {isa = PBXBuildFile; fileRef = B81C93B6291CC5B20042D61E /* CodableBundleExtension.swift */; };
		B81C93B9291D54BE0042D61E /* AnimalListItemView.swift in Sources */ = {isa = PBXBuildFile; fileRef = B81C93B8291D54BE0042D61E /* AnimalListItemView.swift */; };
		B81C93BB291D560B0042D61E /* AnimalModel.swift in Sources */ = {isa = PBXBuildFile; fileRef = B81C93BA291D560B0042D61E /* AnimalModel.swift */; };
		B826069529824EF2006FCA63 /* Stickers.xcassets in Resources */ = {isa = PBXBuildFile; fileRef = B826069429824EF2006FCA63 /* Stickers.xcassets */; };
		B826069929824EF2006FCA63 /* Stickers.appex in Embed Foundation Extensions */ = {isa = PBXBuildFile; fileRef = B826069229824EF1006FCA63 /* Stickers.appex */; settings = {ATTRIBUTES = (RemoveHeadersOnCopy, ); }; };
		B826069E298B86F2006FCA63 /* CreditsView.swift in Sources */ = {isa = PBXBuildFile; fileRef = B826069D298B86F2006FCA63 /* CreditsView.swift */; };
		B82606A1298B885F006FCA63 /* CenterModifier.swift in Sources */ = {isa = PBXBuildFile; fileRef = B82606A0298B885F006FCA63 /* CenterModifier.swift */; };
		B830F0A2292ECC9B00E27E1B /* LocationModel.swift in Sources */ = {isa = PBXBuildFile; fileRef = B830F0A1292ECC9B00E27E1B /* LocationModel.swift */; };
		B830F0A4292ED03700E27E1B /* MapAnnotationView.swift in Sources */ = {isa = PBXBuildFile; fileRef = B830F0A3292ED03700E27E1B /* MapAnnotationView.swift */; };
		B830F0AF29315DF500E27E1B /* MotionAnimationView.swift in Sources */ = {isa = PBXBuildFile; fileRef = B830F0AE29315DF500E27E1B /* MotionAnimationView.swift */; };
		B840A9DA29293EF500279EB4 /* VideoModel.swift in Sources */ = {isa = PBXBuildFile; fileRef = B840A9D929293EF500279EB4 /* VideoModel.swift */; };
		B840A9DC29293F6A00279EB4 /* VideoListItemView.swift in Sources */ = {isa = PBXBuildFile; fileRef = B840A9DB29293F6A00279EB4 /* VideoListItemView.swift */; };
		B840A9FE292C006C00279EB4 /* VideoPlayerView.swift in Sources */ = {isa = PBXBuildFile; fileRef = B840A9FD292C006C00279EB4 /* VideoPlayerView.swift */; };
		B840AA01292C015400279EB4 /* VideoPlayerUtility.swift in Sources */ = {isa = PBXBuildFile; fileRef = B840AA00292C015400279EB4 /* VideoPlayerUtility.swift */; };
		B854A3272921523E004A89D4 /* InsetFactView.swift in Sources */ = {isa = PBXBuildFile; fileRef = B854A3262921523E004A89D4 /* InsetFactView.swift */; };
		B854A3292921560C004A89D4 /* InsetMapView.swift in Sources */ = {isa = PBXBuildFile; fileRef = B854A3282921560C004A89D4 /* InsetMapView.swift */; };
		B854A32B292158E0004A89D4 /* ExternalWebLinkView.swift in Sources */ = {isa = PBXBuildFile; fileRef = B854A32A292158E0004A89D4 /* ExternalWebLinkView.swift */; };
/* End PBXBuildFile section */

/* Begin PBXContainerItemProxy section */
		B826069729824EF2006FCA63 /* PBXContainerItemProxy */ = {
			isa = PBXContainerItemProxy;
			containerPortal = B81C936E291CB6810042D61E /* Project object */;
			proxyType = 1;
			remoteGlobalIDString = B826069129824EF1006FCA63;
			remoteInfo = Stickers;
		};
/* End PBXContainerItemProxy section */

/* Begin PBXCopyFilesBuildPhase section */
		B826068C29824C34006FCA63 /* Embed Foundation Extensions */ = {
			isa = PBXCopyFilesBuildPhase;
			buildActionMask = 2147483647;
			dstPath = "";
			dstSubfolderSpec = 13;
			files = (
				B826069929824EF2006FCA63 /* Stickers.appex in Embed Foundation Extensions */,
			);
			name = "Embed Foundation Extensions";
			runOnlyForDeploymentPostprocessing = 0;
		};
/* End PBXCopyFilesBuildPhase section */

/* Begin PBXFileReference section */
		B80064A129426253002AAD55 /* AnimalGridItemView.swift */ = {isa = PBXFileReference; lastKnownFileType = sourcecode.swift; path = AnimalGridItemView.swift; sourceTree = "<group>"; };
		B8167EC729200D5700484218 /* AnimalDetailView.swift */ = {isa = PBXFileReference; lastKnownFileType = sourcecode.swift; path = AnimalDetailView.swift; sourceTree = "<group>"; };
		B8167EC929200F0200484218 /* HeadingView.swift */ = {isa = PBXFileReference; lastKnownFileType = sourcecode.swift; path = HeadingView.swift; sourceTree = "<group>"; };
		B8167ECB29200FDC00484218 /* InsetGalleryView.swift */ = {isa = PBXFileReference; lastKnownFileType = sourcecode.swift; path = InsetGalleryView.swift; sourceTree = "<group>"; };
		B81C9376291CB6810042D61E /* Africa.app */ = {isa = PBXFileReference; explicitFileType = wrapper.application; includeInIndex = 0; path = Africa.app; sourceTree = BUILT_PRODUCTS_DIR; };
		B81C9379291CB6810042D61E /* AfricaApp.swift */ = {isa = PBXFileReference; lastKnownFileType = sourcecode.swift; path = AfricaApp.swift; sourceTree = "<group>"; };
		B81C937B291CB6810042D61E /* ContentView.swift */ = {isa = PBXFileReference; lastKnownFileType = sourcecode.swift; path = ContentView.swift; sourceTree = "<group>"; };
		B81C937D291CB6820042D61E /* Assets.xcassets */ = {isa = PBXFileReference; lastKnownFileType = folder.assetcatalog; path = Assets.xcassets; sourceTree = "<group>"; };
		B81C9380291CB6820042D61E /* Preview Assets.xcassets */ = {isa = PBXFileReference; lastKnownFileType = folder.assetcatalog; path = "Preview Assets.xcassets"; sourceTree = "<group>"; };
		B81C9388291CB8380042D61E /* gorilla.mp4 */ = {isa = PBXFileReference; lastKnownFileType = file; path = gorilla.mp4; sourceTree = "<group>"; };
		B81C9389291CB8390042D61E /* cheetah.mp4 */ = {isa = PBXFileReference; lastKnownFileType = file; path = cheetah.mp4; sourceTree = "<group>"; };
		B81C938A291CB8390042D61E /* lion.mp4 */ = {isa = PBXFileReference; lastKnownFileType = file; path = lion.mp4; sourceTree = "<group>"; };
		B81C938B291CB8390042D61E /* rhino.mp4 */ = {isa = PBXFileReference; lastKnownFileType = file; path = rhino.mp4; sourceTree = "<group>"; };
		B81C938C291CB8390042D61E /* hippo.mp4 */ = {isa = PBXFileReference; lastKnownFileType = file; path = hippo.mp4; sourceTree = "<group>"; };
		B81C938D291CB8390042D61E /* elephant.mp4 */ = {isa = PBXFileReference; lastKnownFileType = file; path = elephant.mp4; sourceTree = "<group>"; };
		B81C938E291CB83A0042D61E /* giraffe.mp4 */ = {isa = PBXFileReference; lastKnownFileType = file; path = giraffe.mp4; sourceTree = "<group>"; };
		B81C938F291CB83A0042D61E /* lioness.mp4 */ = {isa = PBXFileReference; lastKnownFileType = file; path = lioness.mp4; sourceTree = "<group>"; };
		B81C9390291CB83A0042D61E /* zebra.mp4 */ = {isa = PBXFileReference; lastKnownFileType = file; path = zebra.mp4; sourceTree = "<group>"; };
		B81C9391291CB83A0042D61E /* ostrich.mp4 */ = {isa = PBXFileReference; lastKnownFileType = file; path = ostrich.mp4; sourceTree = "<group>"; };
		B81C939D291CB8700042D61E /* videos.json */ = {isa = PBXFileReference; fileEncoding = 4; lastKnownFileType = text.json; path = videos.json; sourceTree = "<group>"; };
		B81C939E291CB8700042D61E /* covers.json */ = {isa = PBXFileReference; fileEncoding = 4; lastKnownFileType = text.json; path = covers.json; sourceTree = "<group>"; };
		B81C939F291CB8700042D61E /* animals.json */ = {isa = PBXFileReference; fileEncoding = 4; lastKnownFileType = text.json; path = animals.json; sourceTree = "<group>"; };
		B81C93A0291CB8700042D61E /* locations.json */ = {isa = PBXFileReference; fileEncoding = 4; lastKnownFileType = text.json; path = locations.json; sourceTree = "<group>"; };
		B81C93A5291CB93F0042D61E /* Info.plist */ = {isa = PBXFileReference; lastKnownFileType = text.plist; path = Info.plist; sourceTree = "<group>"; };
		B81C93A7291CBA760042D61E /* VideoListView.swift */ = {isa = PBXFileReference; lastKnownFileType = sourcecode.swift; path = VideoListView.swift; sourceTree = "<group>"; };
		B81C93A9291CBA890042D61E /* MapView.swift */ = {isa = PBXFileReference; lastKnownFileType = sourcecode.swift; path = MapView.swift; sourceTree = "<group>"; };
		B81C93AB291CBA970042D61E /* GalleryView.swift */ = {isa = PBXFileReference; lastKnownFileType = sourcecode.swift; path = GalleryView.swift; sourceTree = "<group>"; };
		B81C93AD291CBAA60042D61E /* MainView.swift */ = {isa = PBXFileReference; lastKnownFileType = sourcecode.swift; path = MainView.swift; sourceTree = "<group>"; };
		B81C93B0291CBCEE0042D61E /* CoverImageView.swift */ = {isa = PBXFileReference; lastKnownFileType = sourcecode.swift; path = CoverImageView.swift; sourceTree = "<group>"; };
		B81C93B3291CBF440042D61E /* CoverImageModel.swift */ = {isa = PBXFileReference; lastKnownFileType = sourcecode.swift; path = CoverImageModel.swift; sourceTree = "<group>"; };
		B81C93B6291CC5B20042D61E /* CodableBundleExtension.swift */ = {isa = PBXFileReference; lastKnownFileType = sourcecode.swift; path = CodableBundleExtension.swift; sourceTree = "<group>"; };
		B81C93B8291D54BE0042D61E /* AnimalListItemView.swift */ = {isa = PBXFileReference; lastKnownFileType = sourcecode.swift; path = AnimalListItemView.swift; sourceTree = "<group>"; };
		B81C93BA291D560B0042D61E /* AnimalModel.swift */ = {isa = PBXFileReference; lastKnownFileType = sourcecode.swift; path = AnimalModel.swift; sourceTree = "<group>"; };
		B826069229824EF1006FCA63 /* Stickers.appex */ = {isa = PBXFileReference; explicitFileType = "wrapper.app-extension"; includeInIndex = 0; path = Stickers.appex; sourceTree = BUILT_PRODUCTS_DIR; };
		B826069429824EF2006FCA63 /* Stickers.xcassets */ = {isa = PBXFileReference; lastKnownFileType = folder.assetcatalog; path = Stickers.xcassets; sourceTree = "<group>"; };
		B826069629824EF2006FCA63 /* Info.plist */ = {isa = PBXFileReference; lastKnownFileType = text.plist.xml; path = Info.plist; sourceTree = "<group>"; };
		B826069D298B86F2006FCA63 /* CreditsView.swift */ = {isa = PBXFileReference; lastKnownFileType = sourcecode.swift; path = CreditsView.swift; sourceTree = "<group>"; };
		B82606A0298B885F006FCA63 /* CenterModifier.swift */ = {isa = PBXFileReference; lastKnownFileType = sourcecode.swift; path = CenterModifier.swift; sourceTree = "<group>"; };
		B830F0A1292ECC9B00E27E1B /* LocationModel.swift */ = {isa = PBXFileReference; lastKnownFileType = sourcecode.swift; path = LocationModel.swift; sourceTree = "<group>"; };
		B830F0A3292ED03700E27E1B /* MapAnnotationView.swift */ = {isa = PBXFileReference; lastKnownFileType = sourcecode.swift; path = MapAnnotationView.swift; sourceTree = "<group>"; };
		B830F0AE29315DF500E27E1B /* MotionAnimationView.swift */ = {isa = PBXFileReference; lastKnownFileType = sourcecode.swift; path = MotionAnimationView.swift; sourceTree = "<group>"; };
		B840A9D929293EF500279EB4 /* VideoModel.swift */ = {isa = PBXFileReference; lastKnownFileType = sourcecode.swift; path = VideoModel.swift; sourceTree = "<group>"; };
		B840A9DB29293F6A00279EB4 /* VideoListItemView.swift */ = {isa = PBXFileReference; lastKnownFileType = sourcecode.swift; path = VideoListItemView.swift; sourceTree = "<group>"; };
		B840A9FD292C006C00279EB4 /* VideoPlayerView.swift */ = {isa = PBXFileReference; lastKnownFileType = sourcecode.swift; path = VideoPlayerView.swift; sourceTree = "<group>"; };
		B840AA00292C015400279EB4 /* VideoPlayerUtility.swift */ = {isa = PBXFileReference; lastKnownFileType = sourcecode.swift; path = VideoPlayerUtility.swift; sourceTree = "<group>"; };
		B854A3262921523E004A89D4 /* InsetFactView.swift */ = {isa = PBXFileReference; lastKnownFileType = sourcecode.swift; path = InsetFactView.swift; sourceTree = "<group>"; };
		B854A3282921560C004A89D4 /* InsetMapView.swift */ = {isa = PBXFileReference; lastKnownFileType = sourcecode.swift; path = InsetMapView.swift; sourceTree = "<group>"; };
		B854A32A292158E0004A89D4 /* ExternalWebLinkView.swift */ = {isa = PBXFileReference; lastKnownFileType = sourcecode.swift; path = ExternalWebLinkView.swift; sourceTree = "<group>"; };
/* End PBXFileReference section */

/* Begin PBXFrameworksBuildPhase section */
		B81C9373291CB6810042D61E /* Frameworks */ = {
			isa = PBXFrameworksBuildPhase;
			buildActionMask = 2147483647;
			files = (
			);
			runOnlyForDeploymentPostprocessing = 0;
		};
/* End PBXFrameworksBuildPhase section */

/* Begin PBXGroup section */
		B81C936D291CB6810042D61E = {
			isa = PBXGroup;
			children = (
				B81C9378291CB6810042D61E /* Africa */,
				B826069329824EF1006FCA63 /* Stickers */,
				B81C9377291CB6810042D61E /* Products */,
			);
			sourceTree = "<group>";
		};
		B81C9377291CB6810042D61E /* Products */ = {
			isa = PBXGroup;
			children = (
				B81C9376291CB6810042D61E /* Africa.app */,
				B826069229824EF1006FCA63 /* Stickers.appex */,
			);
			name = Products;
			sourceTree = "<group>";
		};
		B81C9378291CB6810042D61E /* Africa */ = {
			isa = PBXGroup;
			children = (
				B81C93A6291CB9E30042D61E /* App */,
				B81C939C291CB85F0042D61E /* Data */,
				B81C93B5291CC59E0042D61E /* Extension */,
				B81C93B2291CBF2C0042D61E /* Model */,
				B826069F298B884B006FCA63 /* Modifier */,
				B840A9FF292C013D00279EB4 /* Utility */,
				B81C9387291CB8130042D61E /* Video */,
				B81C93AF291CBCE20042D61E /* View */,
				B81C937D291CB6820042D61E /* Assets.xcassets */,
				B81C93A5291CB93F0042D61E /* Info.plist */,
				B81C937F291CB6820042D61E /* Preview Content */,
			);
			path = Africa;
			sourceTree = "<group>";
		};
		B81C937F291CB6820042D61E /* Preview Content */ = {
			isa = PBXGroup;
			children = (
				B81C9380291CB6820042D61E /* Preview Assets.xcassets */,
			);
			path = "Preview Content";
			sourceTree = "<group>";
		};
		B81C9387291CB8130042D61E /* Video */ = {
			isa = PBXGroup;
			children = (
				B81C9389291CB8390042D61E /* cheetah.mp4 */,
				B81C938D291CB8390042D61E /* elephant.mp4 */,
				B81C938E291CB83A0042D61E /* giraffe.mp4 */,
				B81C9388291CB8380042D61E /* gorilla.mp4 */,
				B81C938C291CB8390042D61E /* hippo.mp4 */,
				B81C938A291CB8390042D61E /* lion.mp4 */,
				B81C938F291CB83A0042D61E /* lioness.mp4 */,
				B81C9391291CB83A0042D61E /* ostrich.mp4 */,
				B81C938B291CB8390042D61E /* rhino.mp4 */,
				B81C9390291CB83A0042D61E /* zebra.mp4 */,
			);
			path = Video;
			sourceTree = "<group>";
		};
		B81C939C291CB85F0042D61E /* Data */ = {
			isa = PBXGroup;
			children = (
				B81C939F291CB8700042D61E /* animals.json */,
				B81C939E291CB8700042D61E /* covers.json */,
				B81C93A0291CB8700042D61E /* locations.json */,
				B81C939D291CB8700042D61E /* videos.json */,
			);
			path = Data;
			sourceTree = "<group>";
		};
		B81C93A6291CB9E30042D61E /* App */ = {
			isa = PBXGroup;
			children = (
				B81C9379291CB6810042D61E /* AfricaApp.swift */,
				B81C937B291CB6810042D61E /* ContentView.swift */,
				B81C93A7291CBA760042D61E /* VideoListView.swift */,
				B81C93A9291CBA890042D61E /* MapView.swift */,
				B81C93AB291CBA970042D61E /* GalleryView.swift */,
				B81C93AD291CBAA60042D61E /* MainView.swift */,
			);
			path = App;
			sourceTree = "<group>";
		};
		B81C93AF291CBCE20042D61E /* View */ = {
			isa = PBXGroup;
			children = (
				B8167EC729200D5700484218 /* AnimalDetailView.swift */,
				B80064A129426253002AAD55 /* AnimalGridItemView.swift */,
				B81C93B8291D54BE0042D61E /* AnimalListItemView.swift */,
				B81C93B0291CBCEE0042D61E /* CoverImageView.swift */,
				B826069D298B86F2006FCA63 /* CreditsView.swift */,
				B854A32A292158E0004A89D4 /* ExternalWebLinkView.swift */,
				B8167EC929200F0200484218 /* HeadingView.swift */,
				B854A3262921523E004A89D4 /* InsetFactView.swift */,
				B8167ECB29200FDC00484218 /* InsetGalleryView.swift */,
				B854A3282921560C004A89D4 /* InsetMapView.swift */,
				B830F0A3292ED03700E27E1B /* MapAnnotationView.swift */,
				B830F0AE29315DF500E27E1B /* MotionAnimationView.swift */,
				B840A9DB29293F6A00279EB4 /* VideoListItemView.swift */,
				B840A9FD292C006C00279EB4 /* VideoPlayerView.swift */,
			);
			path = View;
			sourceTree = "<group>";
		};
		B81C93B2291CBF2C0042D61E /* Model */ = {
			isa = PBXGroup;
			children = (
				B81C93BA291D560B0042D61E /* AnimalModel.swift */,
				B81C93B3291CBF440042D61E /* CoverImageModel.swift */,
				B830F0A1292ECC9B00E27E1B /* LocationModel.swift */,
				B840A9D929293EF500279EB4 /* VideoModel.swift */,
			);
			path = Model;
			sourceTree = "<group>";
		};
		B81C93B5291CC59E0042D61E /* Extension */ = {
			isa = PBXGroup;
			children = (
				B81C93B6291CC5B20042D61E /* CodableBundleExtension.swift */,
			);
			path = Extension;
			sourceTree = "<group>";
		};
		B826069329824EF1006FCA63 /* Stickers */ = {
			isa = PBXGroup;
			children = (
				B826069429824EF2006FCA63 /* Stickers.xcassets */,
				B826069629824EF2006FCA63 /* Info.plist */,
			);
			path = Stickers;
			sourceTree = "<group>";
		};
		B826069F298B884B006FCA63 /* Modifier */ = {
			isa = PBXGroup;
			children = (
				B82606A0298B885F006FCA63 /* CenterModifier.swift */,
			);
			path = Modifier;
			sourceTree = "<group>";
		};
		B840A9FF292C013D00279EB4 /* Utility */ = {
			isa = PBXGroup;
			children = (
				B840AA00292C015400279EB4 /* VideoPlayerUtility.swift */,
			);
			path = Utility;
			sourceTree = "<group>";
		};
/* End PBXGroup section */

/* Begin PBXNativeTarget section */
		B81C9375291CB6810042D61E /* Africa */ = {
			isa = PBXNativeTarget;
			buildConfigurationList = B81C9384291CB6820042D61E /* Build configuration list for PBXNativeTarget "Africa" */;
			buildPhases = (
				B81C9372291CB6810042D61E /* Sources */,
				B81C9373291CB6810042D61E /* Frameworks */,
				B81C9374291CB6810042D61E /* Resources */,
				B826068C29824C34006FCA63 /* Embed Foundation Extensions */,
			);
			buildRules = (
			);
			dependencies = (
				B826069829824EF2006FCA63 /* PBXTargetDependency */,
			);
			name = Africa;
			productName = Africa;
			productReference = B81C9376291CB6810042D61E /* Africa.app */;
			productType = "com.apple.product-type.application";
		};
		B826069129824EF1006FCA63 /* Stickers */ = {
			isa = PBXNativeTarget;
			buildConfigurationList = B826069A29824EF2006FCA63 /* Build configuration list for PBXNativeTarget "Stickers" */;
			buildPhases = (
				B826069029824EF1006FCA63 /* Resources */,
			);
			buildRules = (
			);
			dependencies = (
			);
			name = Stickers;
			productName = Stickers;
			productReference = B826069229824EF1006FCA63 /* Stickers.appex */;
			productType = "com.apple.product-type.app-extension.messages-sticker-pack";
		};
/* End PBXNativeTarget section */

/* Begin PBXProject section */
		B81C936E291CB6810042D61E /* Project object */ = {
			isa = PBXProject;
			attributes = {
				BuildIndependentTargetsInParallel = 1;
				LastSwiftUpdateCheck = 1400;
				LastUpgradeCheck = 1400;
				TargetAttributes = {
					B81C9375291CB6810042D61E = {
						CreatedOnToolsVersion = 14.0.1;
					};
					B826069129824EF1006FCA63 = {
						CreatedOnToolsVersion = 14.2;
					};
				};
			};
			buildConfigurationList = B81C9371291CB6810042D61E /* Build configuration list for PBXProject "Africa" */;
			compatibilityVersion = "Xcode 14.0";
			developmentRegion = en;
			hasScannedForEncodings = 0;
			knownRegions = (
				en,
				Base,
			);
			mainGroup = B81C936D291CB6810042D61E;
			productRefGroup = B81C9377291CB6810042D61E /* Products */;
			projectDirPath = "";
			projectRoot = "";
			targets = (
				B81C9375291CB6810042D61E /* Africa */,
				B826069129824EF1006FCA63 /* Stickers */,
			);
		};
/* End PBXProject section */

/* Begin PBXResourcesBuildPhase section */
		B81C9374291CB6810042D61E /* Resources */ = {
			isa = PBXResourcesBuildPhase;
			buildActionMask = 2147483647;
			files = (
				B81C93A3291CB8700042D61E /* animals.json in Resources */,
				B81C9395291CB83A0042D61E /* rhino.mp4 in Resources */,
				B81C93A4291CB8700042D61E /* locations.json in Resources */,
				B81C9393291CB83A0042D61E /* cheetah.mp4 in Resources */,
				B81C9396291CB83A0042D61E /* hippo.mp4 in Resources */,
				B81C9381291CB6820042D61E /* Preview Assets.xcassets in Resources */,
				B81C93A1291CB8700042D61E /* videos.json in Resources */,
				B81C9397291CB83A0042D61E /* elephant.mp4 in Resources */,
				B81C9392291CB83A0042D61E /* gorilla.mp4 in Resources */,
				B81C93A2291CB8700042D61E /* covers.json in Resources */,
				B81C939B291CB83A0042D61E /* ostrich.mp4 in Resources */,
				B81C939A291CB83A0042D61E /* zebra.mp4 in Resources */,
				B81C9394291CB83A0042D61E /* lion.mp4 in Resources */,
				B81C9399291CB83A0042D61E /* lioness.mp4 in Resources */,
				B81C937E291CB6820042D61E /* Assets.xcassets in Resources */,
				B81C9398291CB83A0042D61E /* giraffe.mp4 in Resources */,
			);
			runOnlyForDeploymentPostprocessing = 0;
		};
		B826069029824EF1006FCA63 /* Resources */ = {
			isa = PBXResourcesBuildPhase;
			buildActionMask = 2147483647;
			files = (
				B826069529824EF2006FCA63 /* Stickers.xcassets in Resources */,
			);
			runOnlyForDeploymentPostprocessing = 0;
		};
/* End PBXResourcesBuildPhase section */

/* Begin PBXSourcesBuildPhase section */
		B81C9372291CB6810042D61E /* Sources */ = {
			isa = PBXSourcesBuildPhase;
			buildActionMask = 2147483647;
			files = (
				B81C937C291CB6810042D61E /* ContentView.swift in Sources */,
				B81C93B9291D54BE0042D61E /* AnimalListItemView.swift in Sources */,
				B81C93AE291CBAA60042D61E /* MainView.swift in Sources */,
				B854A3272921523E004A89D4 /* InsetFactView.swift in Sources */,
				B81C93B1291CBCEE0042D61E /* CoverImageView.swift in Sources */,
				B81C93B4291CBF440042D61E /* CoverImageModel.swift in Sources */,
				B8167EC829200D5700484218 /* AnimalDetailView.swift in Sources */,
				B81C93BB291D560B0042D61E /* AnimalModel.swift in Sources */,
				B81C93AA291CBA890042D61E /* MapView.swift in Sources */,
				B854A3292921560C004A89D4 /* InsetMapView.swift in Sources */,
				B81C937A291CB6810042D61E /* AfricaApp.swift in Sources */,
				B854A32B292158E0004A89D4 /* ExternalWebLinkView.swift in Sources */,
				B840AA01292C015400279EB4 /* VideoPlayerUtility.swift in Sources */,
				B830F0A4292ED03700E27E1B /* MapAnnotationView.swift in Sources */,
				B81C93A8291CBA760042D61E /* VideoListView.swift in Sources */,
				B840A9DA29293EF500279EB4 /* VideoModel.swift in Sources */,
				B81C93AC291CBA970042D61E /* GalleryView.swift in Sources */,
				B830F0A2292ECC9B00E27E1B /* LocationModel.swift in Sources */,
				B80064A229426253002AAD55 /* AnimalGridItemView.swift in Sources */,
				B8167ECC29200FDC00484218 /* InsetGalleryView.swift in Sources */,
				B840A9DC29293F6A00279EB4 /* VideoListItemView.swift in Sources */,
				B826069E298B86F2006FCA63 /* CreditsView.swift in Sources */,
				B81C93B7291CC5B20042D61E /* CodableBundleExtension.swift in Sources */,
				B830F0AF29315DF500E27E1B /* MotionAnimationView.swift in Sources */,
				B82606A1298B885F006FCA63 /* CenterModifier.swift in Sources */,
				B8167ECA29200F0200484218 /* HeadingView.swift in Sources */,
				B840A9FE292C006C00279EB4 /* VideoPlayerView.swift in Sources */,
			);
			runOnlyForDeploymentPostprocessing = 0;
		};
/* End PBXSourcesBuildPhase section */

/* Begin PBXTargetDependency section */
		B826069829824EF2006FCA63 /* PBXTargetDependency */ = {
			isa = PBXTargetDependency;
			target = B826069129824EF1006FCA63 /* Stickers */;
			targetProxy = B826069729824EF2006FCA63 /* PBXContainerItemProxy */;
		};
/* End PBXTargetDependency section */

/* Begin XCBuildConfiguration section */
		B81C9382291CB6820042D61E /* Debug */ = {
			isa = XCBuildConfiguration;
			buildSettings = {
				ALWAYS_SEARCH_USER_PATHS = NO;
				CLANG_ANALYZER_NONNULL = YES;
				CLANG_ANALYZER_NUMBER_OBJECT_CONVERSION = YES_AGGRESSIVE;
				CLANG_CXX_LANGUAGE_STANDARD = "gnu++20";
				CLANG_ENABLE_MODULES = YES;
				CLANG_ENABLE_OBJC_ARC = YES;
				CLANG_ENABLE_OBJC_WEAK = YES;
				CLANG_WARN_BLOCK_CAPTURE_AUTORELEASING = YES;
				CLANG_WARN_BOOL_CONVERSION = YES;
				CLANG_WARN_COMMA = YES;
				CLANG_WARN_CONSTANT_CONVERSION = YES;
				CLANG_WARN_DEPRECATED_OBJC_IMPLEMENTATIONS = YES;
				CLANG_WARN_DIRECT_OBJC_ISA_USAGE = YES_ERROR;
				CLANG_WARN_DOCUMENTATION_COMMENTS = YES;
				CLANG_WARN_EMPTY_BODY = YES;
				CLANG_WARN_ENUM_CONVERSION = YES;
				CLANG_WARN_INFINITE_RECURSION = YES;
				CLANG_WARN_INT_CONVERSION = YES;
				CLANG_WARN_NON_LITERAL_NULL_CONVERSION = YES;
				CLANG_WARN_OBJC_IMPLICIT_RETAIN_SELF = YES;
				CLANG_WARN_OBJC_LITERAL_CONVERSION = YES;
				CLANG_WARN_OBJC_ROOT_CLASS = YES_ERROR;
				CLANG_WARN_QUOTED_INCLUDE_IN_FRAMEWORK_HEADER = YES;
				CLANG_WARN_RANGE_LOOP_ANALYSIS = YES;
				CLANG_WARN_STRICT_PROTOTYPES = YES;
				CLANG_WARN_SUSPICIOUS_MOVE = YES;
				CLANG_WARN_UNGUARDED_AVAILABILITY = YES_AGGRESSIVE;
				CLANG_WARN_UNREACHABLE_CODE = YES;
				CLANG_WARN__DUPLICATE_METHOD_MATCH = YES;
				COPY_PHASE_STRIP = NO;
				DEBUG_INFORMATION_FORMAT = dwarf;
				ENABLE_STRICT_OBJC_MSGSEND = YES;
				ENABLE_TESTABILITY = YES;
				GCC_C_LANGUAGE_STANDARD = gnu11;
				GCC_DYNAMIC_NO_PIC = NO;
				GCC_NO_COMMON_BLOCKS = YES;
				GCC_OPTIMIZATION_LEVEL = 0;
				GCC_PREPROCESSOR_DEFINITIONS = (
					"DEBUG=1",
					"$(inherited)",
				);
				GCC_WARN_64_TO_32_BIT_CONVERSION = YES;
				GCC_WARN_ABOUT_RETURN_TYPE = YES_ERROR;
				GCC_WARN_UNDECLARED_SELECTOR = YES;
				GCC_WARN_UNINITIALIZED_AUTOS = YES_AGGRESSIVE;
				GCC_WARN_UNUSED_FUNCTION = YES;
				GCC_WARN_UNUSED_VARIABLE = YES;
				IPHONEOS_DEPLOYMENT_TARGET = 16.0;
				MTL_ENABLE_DEBUG_INFO = INCLUDE_SOURCE;
				MTL_FAST_MATH = YES;
				ONLY_ACTIVE_ARCH = YES;
				SDKROOT = iphoneos;
				SWIFT_ACTIVE_COMPILATION_CONDITIONS = DEBUG;
				SWIFT_OPTIMIZATION_LEVEL = "-Onone";
			};
			name = Debug;
		};
		B81C9383291CB6820042D61E /* Release */ = {
			isa = XCBuildConfiguration;
			buildSettings = {
				ALWAYS_SEARCH_USER_PATHS = NO;
				CLANG_ANALYZER_NONNULL = YES;
				CLANG_ANALYZER_NUMBER_OBJECT_CONVERSION = YES_AGGRESSIVE;
				CLANG_CXX_LANGUAGE_STANDARD = "gnu++20";
				CLANG_ENABLE_MODULES = YES;
				CLANG_ENABLE_OBJC_ARC = YES;
				CLANG_ENABLE_OBJC_WEAK = YES;
				CLANG_WARN_BLOCK_CAPTURE_AUTORELEASING = YES;
				CLANG_WARN_BOOL_CONVERSION = YES;
				CLANG_WARN_COMMA = YES;
				CLANG_WARN_CONSTANT_CONVERSION = YES;
				CLANG_WARN_DEPRECATED_OBJC_IMPLEMENTATIONS = YES;
				CLANG_WARN_DIRECT_OBJC_ISA_USAGE = YES_ERROR;
				CLANG_WARN_DOCUMENTATION_COMMENTS = YES;
				CLANG_WARN_EMPTY_BODY = YES;
				CLANG_WARN_ENUM_CONVERSION = YES;
				CLANG_WARN_INFINITE_RECURSION = YES;
				CLANG_WARN_INT_CONVERSION = YES;
				CLANG_WARN_NON_LITERAL_NULL_CONVERSION = YES;
				CLANG_WARN_OBJC_IMPLICIT_RETAIN_SELF = YES;
				CLANG_WARN_OBJC_LITERAL_CONVERSION = YES;
				CLANG_WARN_OBJC_ROOT_CLASS = YES_ERROR;
				CLANG_WARN_QUOTED_INCLUDE_IN_FRAMEWORK_HEADER = YES;
				CLANG_WARN_RANGE_LOOP_ANALYSIS = YES;
				CLANG_WARN_STRICT_PROTOTYPES = YES;
				CLANG_WARN_SUSPICIOUS_MOVE = YES;
				CLANG_WARN_UNGUARDED_AVAILABILITY = YES_AGGRESSIVE;
				CLANG_WARN_UNREACHABLE_CODE = YES;
				CLANG_WARN__DUPLICATE_METHOD_MATCH = YES;
				COPY_PHASE_STRIP = NO;
				DEBUG_INFORMATION_FORMAT = "dwarf-with-dsym";
				ENABLE_NS_ASSERTIONS = NO;
				ENABLE_STRICT_OBJC_MSGSEND = YES;
				GCC_C_LANGUAGE_STANDARD = gnu11;
				GCC_NO_COMMON_BLOCKS = YES;
				GCC_WARN_64_TO_32_BIT_CONVERSION = YES;
				GCC_WARN_ABOUT_RETURN_TYPE = YES_ERROR;
				GCC_WARN_UNDECLARED_SELECTOR = YES;
				GCC_WARN_UNINITIALIZED_AUTOS = YES_AGGRESSIVE;
				GCC_WARN_UNUSED_FUNCTION = YES;
				GCC_WARN_UNUSED_VARIABLE = YES;
				IPHONEOS_DEPLOYMENT_TARGET = 16.0;
				MTL_ENABLE_DEBUG_INFO = NO;
				MTL_FAST_MATH = YES;
				SDKROOT = iphoneos;
				SWIFT_COMPILATION_MODE = wholemodule;
				SWIFT_OPTIMIZATION_LEVEL = "-O";
				VALIDATE_PRODUCT = YES;
			};
			name = Release;
		};
		B81C9385291CB6820042D61E /* Debug */ = {
			isa = XCBuildConfiguration;
			buildSettings = {
				ASSETCATALOG_COMPILER_APPICON_NAME = AppIcon;
				ASSETCATALOG_COMPILER_GLOBAL_ACCENT_COLOR_NAME = AccentColor;
				CODE_SIGN_STYLE = Automatic;
				CURRENT_PROJECT_VERSION = 1;
				DEVELOPMENT_ASSET_PATHS = "\"Africa/Preview Content\"";
				DEVELOPMENT_TEAM = CV4APKG945;
				ENABLE_PREVIEWS = YES;
				GENERATE_INFOPLIST_FILE = YES;
				INFOPLIST_FILE = Africa/Info.plist;
				INFOPLIST_KEY_UIApplicationSceneManifest_Generation = YES;
				INFOPLIST_KEY_UIApplicationSupportsIndirectInputEvents = YES;
				INFOPLIST_KEY_UISupportedInterfaceOrientations_iPad = "UIInterfaceOrientationPortrait UIInterfaceOrientationPortraitUpsideDown UIInterfaceOrientationLandscapeLeft UIInterfaceOrientationLandscapeRight";
				INFOPLIST_KEY_UISupportedInterfaceOrientations_iPhone = "UIInterfaceOrientationPortrait UIInterfaceOrientationLandscapeLeft UIInterfaceOrientationLandscapeRight";
				LD_RUNPATH_SEARCH_PATHS = (
					"$(inherited)",
					"@executable_path/Frameworks",
				);
				MARKETING_VERSION = 1.0;
				PRODUCT_BUNDLE_IDENTIFIER = dev.mattwurl.Africa;
				PRODUCT_NAME = "$(TARGET_NAME)";
				SWIFT_EMIT_LOC_STRINGS = YES;
				SWIFT_VERSION = 5.0;
				TARGETED_DEVICE_FAMILY = "1,2";
			};
			name = Debug;
		};
		B81C9386291CB6820042D61E /* Release */ = {
			isa = XCBuildConfiguration;
			buildSettings = {
				ASSETCATALOG_COMPILER_APPICON_NAME = AppIcon;
				ASSETCATALOG_COMPILER_GLOBAL_ACCENT_COLOR_NAME = AccentColor;
				CODE_SIGN_STYLE = Automatic;
				CURRENT_PROJECT_VERSION = 1;
				DEVELOPMENT_ASSET_PATHS = "\"Africa/Preview Content\"";
				DEVELOPMENT_TEAM = CV4APKG945;
				ENABLE_PREVIEWS = YES;
				GENERATE_INFOPLIST_FILE = YES;
				INFOPLIST_FILE = Africa/Info.plist;
				INFOPLIST_KEY_UIApplicationSceneManifest_Generation = YES;
				INFOPLIST_KEY_UIApplicationSupportsIndirectInputEvents = YES;
				INFOPLIST_KEY_UISupportedInterfaceOrientations_iPad = "UIInterfaceOrientationPortrait UIInterfaceOrientationPortraitUpsideDown UIInterfaceOrientationLandscapeLeft UIInterfaceOrientationLandscapeRight";
				INFOPLIST_KEY_UISupportedInterfaceOrientations_iPhone = "UIInterfaceOrientationPortrait UIInterfaceOrientationLandscapeLeft UIInterfaceOrientationLandscapeRight";
				LD_RUNPATH_SEARCH_PATHS = (
					"$(inherited)",
					"@executable_path/Frameworks",
				);
				MARKETING_VERSION = 1.0;
				PRODUCT_BUNDLE_IDENTIFIER = dev.mattwurl.Africa;
				PRODUCT_NAME = "$(TARGET_NAME)";
				SWIFT_EMIT_LOC_STRINGS = YES;
				SWIFT_VERSION = 5.0;
				TARGETED_DEVICE_FAMILY = "1,2";
			};
			name = Release;
		};
		B826069B29824EF2006FCA63 /* Debug */ = {
			isa = XCBuildConfiguration;
			buildSettings = {
				ASSETCATALOG_COMPILER_APPICON_NAME = "iMessage App Icon";
				CODE_SIGN_STYLE = Automatic;
				CURRENT_PROJECT_VERSION = 1;
				DEVELOPMENT_TEAM = CV4APKG945;
				GENERATE_INFOPLIST_FILE = YES;
				INFOPLIST_FILE = Stickers/Info.plist;
				IPHONEOS_DEPLOYMENT_TARGET = 16.0;
				MARKETING_VERSION = 1.0;
				PRODUCT_BUNDLE_IDENTIFIER = dev.mattwurl.Africa.Stickers;
				PRODUCT_NAME = "$(TARGET_NAME)";
				SKIP_INSTALL = YES;
				SWIFT_EMIT_LOC_STRINGS = YES;
				TARGETED_DEVICE_FAMILY = "1,2";
			};
			name = Debug;
		};
		B826069C29824EF2006FCA63 /* Release */ = {
			isa = XCBuildConfiguration;
			buildSettings = {
				ASSETCATALOG_COMPILER_APPICON_NAME = "iMessage App Icon";
				CODE_SIGN_STYLE = Automatic;
				CURRENT_PROJECT_VERSION = 1;
				DEVELOPMENT_TEAM = CV4APKG945;
				GENERATE_INFOPLIST_FILE = YES;
				INFOPLIST_FILE = Stickers/Info.plist;
				IPHONEOS_DEPLOYMENT_TARGET = 16.0;
				MARKETING_VERSION = 1.0;
				PRODUCT_BUNDLE_IDENTIFIER = dev.mattwurl.Africa.Stickers;
				PRODUCT_NAME = "$(TARGET_NAME)";
				SKIP_INSTALL = YES;
				SWIFT_EMIT_LOC_STRINGS = YES;
				TARGETED_DEVICE_FAMILY = "1,2";
			};
			name = Release;
		};
/* End XCBuildConfiguration section */

/* Begin XCConfigurationList section */
		B81C9371291CB6810042D61E /* Build configuration list for PBXProject "Africa" */ = {
			isa = XCConfigurationList;
			buildConfigurations = (
				B81C9382291CB6820042D61E /* Debug */,
				B81C9383291CB6820042D61E /* Release */,
			);
			defaultConfigurationIsVisible = 0;
			defaultConfigurationName = Release;
		};
		B81C9384291CB6820042D61E /* Build configuration list for PBXNativeTarget "Africa" */ = {
			isa = XCConfigurationList;
			buildConfigurations = (
				B81C9385291CB6820042D61E /* Debug */,
				B81C9386291CB6820042D61E /* Release */,
			);
			defaultConfigurationIsVisible = 0;
			defaultConfigurationName = Release;
		};
		B826069A29824EF2006FCA63 /* Build configuration list for PBXNativeTarget "Stickers" */ = {
			isa = XCConfigurationList;
			buildConfigurations = (
				B826069B29824EF2006FCA63 /* Debug */,
				B826069C29824EF2006FCA63 /* Release */,
			);
			defaultConfigurationIsVisible = 0;
			defaultConfigurationName = Release;
		};
/* End XCConfigurationList section */
	};
	rootObject = B81C936E291CB6810042D61E /* Project object */;
}
